// !$*UTF8*$!
{
	archiveVersion = 1;
	classes = {
	};
	objectVersion = 52;
	objects = {

/* Begin PBXBuildFile section */
		6C485DBA615099ACE6B43ABF /* Pods_EwsAppiOS.framework in Frameworks */ = {isa = PBXBuildFile; fileRef = 5A90D6DCBD6825A8E250803A /* Pods_EwsAppiOS.framework */; };
		C452CE2F25308031004CDC0A /* AppDelegate.swift in Sources */ = {isa = PBXBuildFile; fileRef = C452CE2E25308031004CDC0A /* AppDelegate.swift */; };
		C452CE3325308031004CDC0A /* ViewController.swift in Sources */ = {isa = PBXBuildFile; fileRef = C452CE3225308031004CDC0A /* ViewController.swift */; };
		C452CE3925308031004CDC0A /* EwsAppiOS.xcdatamodeld in Sources */ = {isa = PBXBuildFile; fileRef = C452CE3725308031004CDC0A /* EwsAppiOS.xcdatamodeld */; };
		C452CE3B25308037004CDC0A /* Assets.xcassets in Resources */ = {isa = PBXBuildFile; fileRef = C452CE3A25308037004CDC0A /* Assets.xcassets */; };
		C452CE3E25308037004CDC0A /* LaunchScreen.storyboard in Resources */ = {isa = PBXBuildFile; fileRef = C452CE3C25308037004CDC0A /* LaunchScreen.storyboard */; };
		C452CE4C253084D8004CDC0A /* Kanit-Light.ttf in Resources */ = {isa = PBXBuildFile; fileRef = C452CE48253084D8004CDC0A /* Kanit-Light.ttf */; };
		C452CE4D253084D8004CDC0A /* Kanit-Medium.ttf in Resources */ = {isa = PBXBuildFile; fileRef = C452CE49253084D8004CDC0A /* Kanit-Medium.ttf */; };
		C452CE4E253084D8004CDC0A /* Kanit-Bold.ttf in Resources */ = {isa = PBXBuildFile; fileRef = C452CE4A253084D8004CDC0A /* Kanit-Bold.ttf */; };
		C452CE4F253084D8004CDC0A /* Kanit-Regular.ttf in Resources */ = {isa = PBXBuildFile; fileRef = C452CE4B253084D8004CDC0A /* Kanit-Regular.ttf */; };
		C452CE5225308504004CDC0A /* Extensions.swift in Sources */ = {isa = PBXBuildFile; fileRef = C452CE5125308504004CDC0A /* Extensions.swift */; };
		C452CE5525308573004CDC0A /* NVActivityIndicatorView in Frameworks */ = {isa = PBXBuildFile; productRef = C452CE5425308573004CDC0A /* NVActivityIndicatorView */; };
		C452CE5725308573004CDC0A /* NVActivityIndicatorViewExtended in Frameworks */ = {isa = PBXBuildFile; productRef = C452CE5625308573004CDC0A /* NVActivityIndicatorViewExtended */; };
		C452CE5A253085A6004CDC0A /* IntroViewController.swift in Sources */ = {isa = PBXBuildFile; fileRef = C452CE59253085A6004CDC0A /* IntroViewController.swift */; };
		C452CE5D253087E5004CDC0A /* MainViewController.swift in Sources */ = {isa = PBXBuildFile; fileRef = C452CE5C253087E5004CDC0A /* MainViewController.swift */; };
		C452CE612530947A004CDC0A /* MenuSideViewCell.swift in Sources */ = {isa = PBXBuildFile; fileRef = C452CE602530947A004CDC0A /* MenuSideViewCell.swift */; };
		C452CE6B25309985004CDC0A /* DashboardView.swift in Sources */ = {isa = PBXBuildFile; fileRef = C452CE6A25309985004CDC0A /* DashboardView.swift */; };
/* End PBXBuildFile section */

/* Begin PBXFileReference section */
		5A90D6DCBD6825A8E250803A /* Pods_EwsAppiOS.framework */ = {isa = PBXFileReference; explicitFileType = wrapper.framework; includeInIndex = 0; path = Pods_EwsAppiOS.framework; sourceTree = BUILT_PRODUCTS_DIR; };
		70EF7AD5828DF5FB899BCC69 /* Pods-EwsAppiOS.release.xcconfig */ = {isa = PBXFileReference; includeInIndex = 1; lastKnownFileType = text.xcconfig; name = "Pods-EwsAppiOS.release.xcconfig"; path = "Target Support Files/Pods-EwsAppiOS/Pods-EwsAppiOS.release.xcconfig"; sourceTree = "<group>"; };
		C452CE2B25308031004CDC0A /* EwsAppiOS.app */ = {isa = PBXFileReference; explicitFileType = wrapper.application; includeInIndex = 0; path = EwsAppiOS.app; sourceTree = BUILT_PRODUCTS_DIR; };
		C452CE2E25308031004CDC0A /* AppDelegate.swift */ = {isa = PBXFileReference; lastKnownFileType = sourcecode.swift; path = AppDelegate.swift; sourceTree = "<group>"; };
		C452CE3225308031004CDC0A /* ViewController.swift */ = {isa = PBXFileReference; lastKnownFileType = sourcecode.swift; path = ViewController.swift; sourceTree = "<group>"; };
		C452CE3825308031004CDC0A /* EwsAppiOS.xcdatamodel */ = {isa = PBXFileReference; lastKnownFileType = wrapper.xcdatamodel; path = EwsAppiOS.xcdatamodel; sourceTree = "<group>"; };
		C452CE3A25308037004CDC0A /* Assets.xcassets */ = {isa = PBXFileReference; lastKnownFileType = folder.assetcatalog; path = Assets.xcassets; sourceTree = "<group>"; };
		C452CE3D25308037004CDC0A /* Base */ = {isa = PBXFileReference; lastKnownFileType = file.storyboard; name = Base; path = Base.lproj/LaunchScreen.storyboard; sourceTree = "<group>"; };
		C452CE3F25308037004CDC0A /* Info.plist */ = {isa = PBXFileReference; lastKnownFileType = text.plist.xml; path = Info.plist; sourceTree = "<group>"; };
		C452CE48253084D8004CDC0A /* Kanit-Light.ttf */ = {isa = PBXFileReference; lastKnownFileType = file; path = "Kanit-Light.ttf"; sourceTree = "<group>"; };
		C452CE49253084D8004CDC0A /* Kanit-Medium.ttf */ = {isa = PBXFileReference; lastKnownFileType = file; path = "Kanit-Medium.ttf"; sourceTree = "<group>"; };
		C452CE4A253084D8004CDC0A /* Kanit-Bold.ttf */ = {isa = PBXFileReference; lastKnownFileType = file; path = "Kanit-Bold.ttf"; sourceTree = "<group>"; };
		C452CE4B253084D8004CDC0A /* Kanit-Regular.ttf */ = {isa = PBXFileReference; lastKnownFileType = file; path = "Kanit-Regular.ttf"; sourceTree = "<group>"; };
		C452CE5125308504004CDC0A /* Extensions.swift */ = {isa = PBXFileReference; lastKnownFileType = sourcecode.swift; path = Extensions.swift; sourceTree = "<group>"; };
		C452CE59253085A6004CDC0A /* IntroViewController.swift */ = {isa = PBXFileReference; lastKnownFileType = sourcecode.swift; path = IntroViewController.swift; sourceTree = "<group>"; };
		C452CE5C253087E5004CDC0A /* MainViewController.swift */ = {isa = PBXFileReference; lastKnownFileType = sourcecode.swift; path = MainViewController.swift; sourceTree = "<group>"; };
		C452CE602530947A004CDC0A /* MenuSideViewCell.swift */ = {isa = PBXFileReference; lastKnownFileType = sourcecode.swift; path = MenuSideViewCell.swift; sourceTree = "<group>"; };
		C452CE6A25309985004CDC0A /* DashboardView.swift */ = {isa = PBXFileReference; lastKnownFileType = sourcecode.swift; path = DashboardView.swift; sourceTree = "<group>"; };
		C76B148D4A0169BF3A63C10A /* Pods-EwsAppiOS.debug.xcconfig */ = {isa = PBXFileReference; includeInIndex = 1; lastKnownFileType = text.xcconfig; name = "Pods-EwsAppiOS.debug.xcconfig"; path = "Target Support Files/Pods-EwsAppiOS/Pods-EwsAppiOS.debug.xcconfig"; sourceTree = "<group>"; };
/* End PBXFileReference section */

/* Begin PBXFrameworksBuildPhase section */
		C452CE2825308031004CDC0A /* Frameworks */ = {
			isa = PBXFrameworksBuildPhase;
			buildActionMask = 2147483647;
			files = (
				C452CE5725308573004CDC0A /* NVActivityIndicatorViewExtended in Frameworks */,
				C452CE5525308573004CDC0A /* NVActivityIndicatorView in Frameworks */,
				6C485DBA615099ACE6B43ABF /* Pods_EwsAppiOS.framework in Frameworks */,
			);
			runOnlyForDeploymentPostprocessing = 0;
		};
/* End PBXFrameworksBuildPhase section */

/* Begin PBXGroup section */
		0A76DAF140CD784D92A9CE2E /* Frameworks */ = {
			isa = PBXGroup;
			children = (
				5A90D6DCBD6825A8E250803A /* Pods_EwsAppiOS.framework */,
			);
			name = Frameworks;
			sourceTree = "<group>";
		};
		866B834C35E92E0D15E1D4CA /* Pods */ = {
			isa = PBXGroup;
			children = (
				C76B148D4A0169BF3A63C10A /* Pods-EwsAppiOS.debug.xcconfig */,
				70EF7AD5828DF5FB899BCC69 /* Pods-EwsAppiOS.release.xcconfig */,
			);
			path = Pods;
			sourceTree = "<group>";
		};
		C452CE2225308031004CDC0A = {
			isa = PBXGroup;
			children = (
				C452CE2D25308031004CDC0A /* EwsAppiOS */,
				C452CE2C25308031004CDC0A /* Products */,
				866B834C35E92E0D15E1D4CA /* Pods */,
				0A76DAF140CD784D92A9CE2E /* Frameworks */,
			);
			sourceTree = "<group>";
		};
		C452CE2C25308031004CDC0A /* Products */ = {
			isa = PBXGroup;
			children = (
				C452CE2B25308031004CDC0A /* EwsAppiOS.app */,
			);
			name = Products;
			sourceTree = "<group>";
		};
		C452CE2D25308031004CDC0A /* EwsAppiOS */ = {
			isa = PBXGroup;
			children = (
				C452CE5E25309455004CDC0A /* Views */,
				C452CE50253084EC004CDC0A /* Classes */,
				C452CE46253083A7004CDC0A /* Resources */,
				C452CE452530839F004CDC0A /* Controllers */,
				C452CE2E25308031004CDC0A /* AppDelegate.swift */,
				C452CE3225308031004CDC0A /* ViewController.swift */,
				C452CE3A25308037004CDC0A /* Assets.xcassets */,
				C452CE3C25308037004CDC0A /* LaunchScreen.storyboard */,
				C452CE3F25308037004CDC0A /* Info.plist */,
				C452CE3725308031004CDC0A /* EwsAppiOS.xcdatamodeld */,
			);
			path = EwsAppiOS;
			sourceTree = "<group>";
		};
		C452CE452530839F004CDC0A /* Controllers */ = {
			isa = PBXGroup;
			children = (
				C452CE5B253087DB004CDC0A /* Main */,
				C452CE5825308594004CDC0A /* Intro */,
			);
			path = Controllers;
			sourceTree = "<group>";
		};
		C452CE46253083A7004CDC0A /* Resources */ = {
			isa = PBXGroup;
			children = (
				C452CE47253083C7004CDC0A /* Fonts */,
			);
			path = Resources;
			sourceTree = "<group>";
		};
		C452CE47253083C7004CDC0A /* Fonts */ = {
			isa = PBXGroup;
			children = (
				C452CE4A253084D8004CDC0A /* Kanit-Bold.ttf */,
				C452CE48253084D8004CDC0A /* Kanit-Light.ttf */,
				C452CE49253084D8004CDC0A /* Kanit-Medium.ttf */,
				C452CE4B253084D8004CDC0A /* Kanit-Regular.ttf */,
			);
			path = Fonts;
			sourceTree = "<group>";
		};
		C452CE50253084EC004CDC0A /* Classes */ = {
			isa = PBXGroup;
			children = (
				C452CE5125308504004CDC0A /* Extensions.swift */,
			);
			path = Classes;
			sourceTree = "<group>";
		};
		C452CE5825308594004CDC0A /* Intro */ = {
			isa = PBXGroup;
			children = (
				C452CE59253085A6004CDC0A /* IntroViewController.swift */,
			);
			path = Intro;
			sourceTree = "<group>";
		};
		C452CE5B253087DB004CDC0A /* Main */ = {
			isa = PBXGroup;
			children = (
				C452CE5C253087E5004CDC0A /* MainViewController.swift */,
			);
			path = Main;
			sourceTree = "<group>";
		};
		C452CE5E25309455004CDC0A /* Views */ = {
			isa = PBXGroup;
			children = (
				C452CE692530997D004CDC0A /* DashboardView */,
				C452CE5F2530945A004CDC0A /* ViewCellMenu */,
			);
			path = Views;
			sourceTree = "<group>";
		};
		C452CE5F2530945A004CDC0A /* ViewCellMenu */ = {
			isa = PBXGroup;
			children = (
				C452CE602530947A004CDC0A /* MenuSideViewCell.swift */,
			);
			path = ViewCellMenu;
			sourceTree = "<group>";
		};
		C452CE692530997D004CDC0A /* DashboardView */ = {
			isa = PBXGroup;
			children = (
				C452CE6A25309985004CDC0A /* DashboardView.swift */,
			);
			path = DashboardView;
			sourceTree = "<group>";
		};
/* End PBXGroup section */

/* Begin PBXNativeTarget section */
		C452CE2A25308031004CDC0A /* EwsAppiOS */ = {
			isa = PBXNativeTarget;
			buildConfigurationList = C452CE4225308037004CDC0A /* Build configuration list for PBXNativeTarget "EwsAppiOS" */;
			buildPhases = (
				03A568D95F69F2718F4F641A /* [CP] Check Pods Manifest.lock */,
				C452CE2725308031004CDC0A /* Sources */,
				C452CE2825308031004CDC0A /* Frameworks */,
				C452CE2925308031004CDC0A /* Resources */,
				147D9D9A9F4C494403C5E6C6 /* [CP] Embed Pods Frameworks */,
				4575B03457129DCC58FD55A5 /* [CP] Copy Pods Resources */,
			);
			buildRules = (
			);
			dependencies = (
			);
			name = EwsAppiOS;
			packageProductDependencies = (
				C452CE5425308573004CDC0A /* NVActivityIndicatorView */,
				C452CE5625308573004CDC0A /* NVActivityIndicatorViewExtended */,
			);
			productName = EwsAppiOS;
			productReference = C452CE2B25308031004CDC0A /* EwsAppiOS.app */;
			productType = "com.apple.product-type.application";
		};
/* End PBXNativeTarget section */

/* Begin PBXProject section */
		C452CE2325308031004CDC0A /* Project object */ = {
			isa = PBXProject;
			attributes = {
				LastSwiftUpdateCheck = 1170;
				LastUpgradeCheck = 1170;
				ORGANIZATIONNAME = ssoft;
				TargetAttributes = {
					C452CE2A25308031004CDC0A = {
						CreatedOnToolsVersion = 11.7;
					};
				};
			};
			buildConfigurationList = C452CE2625308031004CDC0A /* Build configuration list for PBXProject "EwsAppiOS" */;
			compatibilityVersion = "Xcode 9.3";
			developmentRegion = en;
			hasScannedForEncodings = 0;
			knownRegions = (
				en,
				Base,
			);
			mainGroup = C452CE2225308031004CDC0A;
			packageReferences = (
				C452CE5325308573004CDC0A /* XCRemoteSwiftPackageReference "NVActivityIndicatorView" */,
			);
			productRefGroup = C452CE2C25308031004CDC0A /* Products */;
			projectDirPath = "";
			projectRoot = "";
			targets = (
				C452CE2A25308031004CDC0A /* EwsAppiOS */,
			);
		};
/* End PBXProject section */

/* Begin PBXResourcesBuildPhase section */
		C452CE2925308031004CDC0A /* Resources */ = {
			isa = PBXResourcesBuildPhase;
			buildActionMask = 2147483647;
			files = (
				C452CE3E25308037004CDC0A /* LaunchScreen.storyboard in Resources */,
				C452CE4D253084D8004CDC0A /* Kanit-Medium.ttf in Resources */,
				C452CE4E253084D8004CDC0A /* Kanit-Bold.ttf in Resources */,
				C452CE4C253084D8004CDC0A /* Kanit-Light.ttf in Resources */,
				C452CE3B25308037004CDC0A /* Assets.xcassets in Resources */,
				C452CE4F253084D8004CDC0A /* Kanit-Regular.ttf in Resources */,
			);
			runOnlyForDeploymentPostprocessing = 0;
		};
/* End PBXResourcesBuildPhase section */

/* Begin PBXShellScriptBuildPhase section */
		03A568D95F69F2718F4F641A /* [CP] Check Pods Manifest.lock */ = {
			isa = PBXShellScriptBuildPhase;
			buildActionMask = 2147483647;
			files = (
			);
			inputFileListPaths = (
			);
			inputPaths = (
				"${PODS_PODFILE_DIR_PATH}/Podfile.lock",
				"${PODS_ROOT}/Manifest.lock",
			);
			name = "[CP] Check Pods Manifest.lock";
			outputFileListPaths = (
			);
			outputPaths = (
				"$(DERIVED_FILE_DIR)/Pods-EwsAppiOS-checkManifestLockResult.txt",
			);
			runOnlyForDeploymentPostprocessing = 0;
			shellPath = /bin/sh;
			shellScript = "diff \"${PODS_PODFILE_DIR_PATH}/Podfile.lock\" \"${PODS_ROOT}/Manifest.lock\" > /dev/null\nif [ $? != 0 ] ; then\n    # print error to STDERR\n    echo \"error: The sandbox is not in sync with the Podfile.lock. Run 'pod install' or update your CocoaPods installation.\" >&2\n    exit 1\nfi\n# This output is used by Xcode 'outputs' to avoid re-running this script phase.\necho \"SUCCESS\" > \"${SCRIPT_OUTPUT_FILE_0}\"\n";
			showEnvVarsInLog = 0;
		};
		147D9D9A9F4C494403C5E6C6 /* [CP] Embed Pods Frameworks */ = {
			isa = PBXShellScriptBuildPhase;
			buildActionMask = 2147483647;
			files = (
			);
			inputFileListPaths = (
				"${PODS_ROOT}/Target Support Files/Pods-EwsAppiOS/Pods-EwsAppiOS-frameworks-${CONFIGURATION}-input-files.xcfilelist",
			);
			name = "[CP] Embed Pods Frameworks";
			outputFileListPaths = (
				"${PODS_ROOT}/Target Support Files/Pods-EwsAppiOS/Pods-EwsAppiOS-frameworks-${CONFIGURATION}-output-files.xcfilelist",
			);
			runOnlyForDeploymentPostprocessing = 0;
			shellPath = /bin/sh;
			shellScript = "\"${PODS_ROOT}/Target Support Files/Pods-EwsAppiOS/Pods-EwsAppiOS-frameworks.sh\"\n";
			showEnvVarsInLog = 0;
		};
		4575B03457129DCC58FD55A5 /* [CP] Copy Pods Resources */ = {
			isa = PBXShellScriptBuildPhase;
			buildActionMask = 2147483647;
			files = (
			);
			inputFileListPaths = (
				"${PODS_ROOT}/Target Support Files/Pods-EwsAppiOS/Pods-EwsAppiOS-resources-${CONFIGURATION}-input-files.xcfilelist",
			);
			name = "[CP] Copy Pods Resources";
			outputFileListPaths = (
				"${PODS_ROOT}/Target Support Files/Pods-EwsAppiOS/Pods-EwsAppiOS-resources-${CONFIGURATION}-output-files.xcfilelist",
			);
			runOnlyForDeploymentPostprocessing = 0;
			shellPath = /bin/sh;
			shellScript = "\"${PODS_ROOT}/Target Support Files/Pods-EwsAppiOS/Pods-EwsAppiOS-resources.sh\"\n";
			showEnvVarsInLog = 0;
		};
/* End PBXShellScriptBuildPhase section */

/* Begin PBXSourcesBuildPhase section */
		C452CE2725308031004CDC0A /* Sources */ = {
			isa = PBXSourcesBuildPhase;
			buildActionMask = 2147483647;
			files = (
				C452CE5A253085A6004CDC0A /* IntroViewController.swift in Sources */,
				C452CE3325308031004CDC0A /* ViewController.swift in Sources */,
				C452CE3925308031004CDC0A /* EwsAppiOS.xcdatamodeld in Sources */,
				C452CE5D253087E5004CDC0A /* MainViewController.swift in Sources */,
				C452CE6B25309985004CDC0A /* DashboardView.swift in Sources */,
				C452CE2F25308031004CDC0A /* AppDelegate.swift in Sources */,
				C452CE5225308504004CDC0A /* Extensions.swift in Sources */,
				C452CE612530947A004CDC0A /* MenuSideViewCell.swift in Sources */,
			);
			runOnlyForDeploymentPostprocessing = 0;
		};
/* End PBXSourcesBuildPhase section */

/* Begin PBXVariantGroup section */
		C452CE3C25308037004CDC0A /* LaunchScreen.storyboard */ = {
			isa = PBXVariantGroup;
			children = (
				C452CE3D25308037004CDC0A /* Base */,
			);
			name = LaunchScreen.storyboard;
			sourceTree = "<group>";
		};
/* End PBXVariantGroup section */

/* Begin XCBuildConfiguration section */
		C452CE4025308037004CDC0A /* Debug */ = {
			isa = XCBuildConfiguration;
			buildSettings = {
				ALWAYS_SEARCH_USER_PATHS = NO;
				CLANG_ANALYZER_NONNULL = YES;
				CLANG_ANALYZER_NUMBER_OBJECT_CONVERSION = YES_AGGRESSIVE;
				CLANG_CXX_LANGUAGE_STANDARD = "gnu++14";
				CLANG_CXX_LIBRARY = "libc++";
				CLANG_ENABLE_MODULES = YES;
				CLANG_ENABLE_OBJC_ARC = YES;
				CLANG_ENABLE_OBJC_WEAK = YES;
				CLANG_WARN_BLOCK_CAPTURE_AUTORELEASING = YES;
				CLANG_WARN_BOOL_CONVERSION = YES;
				CLANG_WARN_COMMA = YES;
				CLANG_WARN_CONSTANT_CONVERSION = YES;
				CLANG_WARN_DEPRECATED_OBJC_IMPLEMENTATIONS = YES;
				CLANG_WARN_DIRECT_OBJC_ISA_USAGE = YES_ERROR;
				CLANG_WARN_DOCUMENTATION_COMMENTS = YES;
				CLANG_WARN_EMPTY_BODY = YES;
				CLANG_WARN_ENUM_CONVERSION = YES;
				CLANG_WARN_INFINITE_RECURSION = YES;
				CLANG_WARN_INT_CONVERSION = YES;
				CLANG_WARN_NON_LITERAL_NULL_CONVERSION = YES;
				CLANG_WARN_OBJC_IMPLICIT_RETAIN_SELF = YES;
				CLANG_WARN_OBJC_LITERAL_CONVERSION = YES;
				CLANG_WARN_OBJC_ROOT_CLASS = YES_ERROR;
				CLANG_WARN_RANGE_LOOP_ANALYSIS = YES;
				CLANG_WARN_STRICT_PROTOTYPES = YES;
				CLANG_WARN_SUSPICIOUS_MOVE = YES;
				CLANG_WARN_UNGUARDED_AVAILABILITY = YES_AGGRESSIVE;
				CLANG_WARN_UNREACHABLE_CODE = YES;
				CLANG_WARN__DUPLICATE_METHOD_MATCH = YES;
				COPY_PHASE_STRIP = NO;
				DEBUG_INFORMATION_FORMAT = dwarf;
				ENABLE_STRICT_OBJC_MSGSEND = YES;
				ENABLE_TESTABILITY = YES;
				GCC_C_LANGUAGE_STANDARD = gnu11;
				GCC_DYNAMIC_NO_PIC = NO;
				GCC_NO_COMMON_BLOCKS = YES;
				GCC_OPTIMIZATION_LEVEL = 0;
				GCC_PREPROCESSOR_DEFINITIONS = (
					"DEBUG=1",
					"$(inherited)",
				);
				GCC_WARN_64_TO_32_BIT_CONVERSION = YES;
				GCC_WARN_ABOUT_RETURN_TYPE = YES_ERROR;
				GCC_WARN_UNDECLARED_SELECTOR = YES;
				GCC_WARN_UNINITIALIZED_AUTOS = YES_AGGRESSIVE;
				GCC_WARN_UNUSED_FUNCTION = YES;
				GCC_WARN_UNUSED_VARIABLE = YES;
				IPHONEOS_DEPLOYMENT_TARGET = 13.7;
				MTL_ENABLE_DEBUG_INFO = INCLUDE_SOURCE;
				MTL_FAST_MATH = YES;
				ONLY_ACTIVE_ARCH = YES;
				SDKROOT = iphoneos;
				SWIFT_ACTIVE_COMPILATION_CONDITIONS = DEBUG;
				SWIFT_OPTIMIZATION_LEVEL = "-Onone";
			};
			name = Debug;
		};
		C452CE4125308037004CDC0A /* Release */ = {
			isa = XCBuildConfiguration;
			buildSettings = {
				ALWAYS_SEARCH_USER_PATHS = NO;
				CLANG_ANALYZER_NONNULL = YES;
				CLANG_ANALYZER_NUMBER_OBJECT_CONVERSION = YES_AGGRESSIVE;
				CLANG_CXX_LANGUAGE_STANDARD = "gnu++14";
				CLANG_CXX_LIBRARY = "libc++";
				CLANG_ENABLE_MODULES = YES;
				CLANG_ENABLE_OBJC_ARC = YES;
				CLANG_ENABLE_OBJC_WEAK = YES;
				CLANG_WARN_BLOCK_CAPTURE_AUTORELEASING = YES;
				CLANG_WARN_BOOL_CONVERSION = YES;
				CLANG_WARN_COMMA = YES;
				CLANG_WARN_CONSTANT_CONVERSION = YES;
				CLANG_WARN_DEPRECATED_OBJC_IMPLEMENTATIONS = YES;
				CLANG_WARN_DIRECT_OBJC_ISA_USAGE = YES_ERROR;
				CLANG_WARN_DOCUMENTATION_COMMENTS = YES;
				CLANG_WARN_EMPTY_BODY = YES;
				CLANG_WARN_ENUM_CONVERSION = YES;
				CLANG_WARN_INFINITE_RECURSION = YES;
				CLANG_WARN_INT_CONVERSION = YES;
				CLANG_WARN_NON_LITERAL_NULL_CONVERSION = YES;
				CLANG_WARN_OBJC_IMPLICIT_RETAIN_SELF = YES;
				CLANG_WARN_OBJC_LITERAL_CONVERSION = YES;
				CLANG_WARN_OBJC_ROOT_CLASS = YES_ERROR;
				CLANG_WARN_RANGE_LOOP_ANALYSIS = YES;
				CLANG_WARN_STRICT_PROTOTYPES = YES;
				CLANG_WARN_SUSPICIOUS_MOVE = YES;
				CLANG_WARN_UNGUARDED_AVAILABILITY = YES_AGGRESSIVE;
				CLANG_WARN_UNREACHABLE_CODE = YES;
				CLANG_WARN__DUPLICATE_METHOD_MATCH = YES;
				COPY_PHASE_STRIP = NO;
				DEBUG_INFORMATION_FORMAT = "dwarf-with-dsym";
				ENABLE_NS_ASSERTIONS = NO;
				ENABLE_STRICT_OBJC_MSGSEND = YES;
				GCC_C_LANGUAGE_STANDARD = gnu11;
				GCC_NO_COMMON_BLOCKS = YES;
				GCC_WARN_64_TO_32_BIT_CONVERSION = YES;
				GCC_WARN_ABOUT_RETURN_TYPE = YES_ERROR;
				GCC_WARN_UNDECLARED_SELECTOR = YES;
				GCC_WARN_UNINITIALIZED_AUTOS = YES_AGGRESSIVE;
				GCC_WARN_UNUSED_FUNCTION = YES;
				GCC_WARN_UNUSED_VARIABLE = YES;
				IPHONEOS_DEPLOYMENT_TARGET = 13.7;
				MTL_ENABLE_DEBUG_INFO = NO;
				MTL_FAST_MATH = YES;
				SDKROOT = iphoneos;
				SWIFT_COMPILATION_MODE = wholemodule;
				SWIFT_OPTIMIZATION_LEVEL = "-O";
				VALIDATE_PRODUCT = YES;
			};
			name = Release;
		};
		C452CE4325308037004CDC0A /* Debug */ = {
			isa = XCBuildConfiguration;
			baseConfigurationReference = C76B148D4A0169BF3A63C10A /* Pods-EwsAppiOS.debug.xcconfig */;
			buildSettings = {
				ASSETCATALOG_COMPILER_APPICON_NAME = AppIcon;
				CODE_SIGN_STYLE = Automatic;
				DEVELOPMENT_TEAM = Y46GLN8894;
				INFOPLIST_FILE = EwsAppiOS/Info.plist;
				IPHONEOS_DEPLOYMENT_TARGET = 13.0;
				LD_RUNPATH_SEARCH_PATHS = (
					"$(inherited)",
					"@executable_path/Frameworks",
				);
				PRODUCT_BUNDLE_IDENTIFIER = com.ssoft.EwsAppiOS;
				PRODUCT_NAME = "$(TARGET_NAME)";
				SWIFT_VERSION = 5.0;
				TARGETED_DEVICE_FAMILY = 1;
			};
			name = Debug;
		};
		C452CE4425308037004CDC0A /* Release */ = {
			isa = XCBuildConfiguration;
			baseConfigurationReference = 70EF7AD5828DF5FB899BCC69 /* Pods-EwsAppiOS.release.xcconfig */;
			buildSettings = {
				ASSETCATALOG_COMPILER_APPICON_NAME = AppIcon;
				CODE_SIGN_STYLE = Automatic;
				DEVELOPMENT_TEAM = Y46GLN8894;
				INFOPLIST_FILE = EwsAppiOS/Info.plist;
				IPHONEOS_DEPLOYMENT_TARGET = 13.0;
				LD_RUNPATH_SEARCH_PATHS = (
					"$(inherited)",
					"@executable_path/Frameworks",
				);
				PRODUCT_BUNDLE_IDENTIFIER = com.ssoft.EwsAppiOS;
				PRODUCT_NAME = "$(TARGET_NAME)";
				SWIFT_VERSION = 5.0;
				TARGETED_DEVICE_FAMILY = 1;
			};
			name = Release;
		};
/* End XCBuildConfiguration section */

/* Begin XCConfigurationList section */
		C452CE2625308031004CDC0A /* Build configuration list for PBXProject "EwsAppiOS" */ = {
			isa = XCConfigurationList;
			buildConfigurations = (
				C452CE4025308037004CDC0A /* Debug */,
				C452CE4125308037004CDC0A /* Release */,
			);
			defaultConfigurationIsVisible = 0;
			defaultConfigurationName = Release;
		};
		C452CE4225308037004CDC0A /* Build configuration list for PBXNativeTarget "EwsAppiOS" */ = {
			isa = XCConfigurationList;
			buildConfigurations = (
				C452CE4325308037004CDC0A /* Debug */,
				C452CE4425308037004CDC0A /* Release */,
			);
			defaultConfigurationIsVisible = 0;
			defaultConfigurationName = Release;
		};
/* End XCConfigurationList section */

/* Begin XCRemoteSwiftPackageReference section */
		C452CE5325308573004CDC0A /* XCRemoteSwiftPackageReference "NVActivityIndicatorView" */ = {
			isa = XCRemoteSwiftPackageReference;
			repositoryURL = "https://github.com/ninjaprox/NVActivityIndicatorView.git";
			requirement = {
				kind = upToNextMajorVersion;
				minimumVersion = 5.1.0;
			};
		};
/* End XCRemoteSwiftPackageReference section */

/* Begin XCSwiftPackageProductDependency section */
		C452CE5425308573004CDC0A /* NVActivityIndicatorView */ = {
			isa = XCSwiftPackageProductDependency;
			package = C452CE5325308573004CDC0A /* XCRemoteSwiftPackageReference "NVActivityIndicatorView" */;
			productName = NVActivityIndicatorView;
		};
		C452CE5625308573004CDC0A /* NVActivityIndicatorViewExtended */ = {
			isa = XCSwiftPackageProductDependency;
			package = C452CE5325308573004CDC0A /* XCRemoteSwiftPackageReference "NVActivityIndicatorView" */;
			productName = NVActivityIndicatorViewExtended;
		};
/* End XCSwiftPackageProductDependency section */

/* Begin XCVersionGroup section */
		C452CE3725308031004CDC0A /* EwsAppiOS.xcdatamodeld */ = {
			isa = XCVersionGroup;
			children = (
				C452CE3825308031004CDC0A /* EwsAppiOS.xcdatamodel */,
			);
			currentVersion = C452CE3825308031004CDC0A /* EwsAppiOS.xcdatamodel */;
			path = EwsAppiOS.xcdatamodeld;
			sourceTree = "<group>";
			versionGroupType = wrapper.xcdatamodel;
		};
/* End XCVersionGroup section */
	};
	rootObject = C452CE2325308031004CDC0A /* Project object */;
}
