{
  "object": {
    "pins": [
      {
        "package": "NVActivityIndicatorView",
        "repositoryURL": "https://github.com/ninjaprox/NVActivityIndicatorView.git",
        "state": {
          "branch": null,
          "revision": "3a1876bc3ef1856aeaded54cc87260d84b4234ca",
          "version": "5.1.0"
        }
      },
      {
        "package": "SkeletonView",
        "repositoryURL": "https://github.com/Juanpe/SkeletonView.git",
        "state": {
          "branch": null,
          "revision": "46e2180c4b034c576928a9c331952c0147011050",
          "version": "1.11.0"
        }
      },
      {
        "package": "SwiftyXMLParser",
        "repositoryURL": "https://github.com/yahoojapan/SwiftyXMLParser.git",
        "state": {
          "branch": null,
          "revision": "0ca0e992ce0135169c715a6580b99f3e99c503e7",
          "version": "5.2.1"
        }
      }
    ]
  },
  "version": 1
}
