{
  "object": {
    "pins": [
      {
        "package": "NVActivityIndicatorView",
        "repositoryURL": "https://github.com/ninjaprox/NVActivityIndicatorView.git",
        "state": {
          "branch": null,
          "revision": "3a1876bc3ef1856aeaded54cc87260d84b4234ca",
          "version": "5.1.0"
        }
      }
    ]
  },
  "version": 1
}
